
Microsoft Visual Studio Solution File, Format Version 12.00
# Visual Studio Version 16
VisualStudioVersion = 16.0.30611.23
MinimumVisualStudioVersion = 10.0.40219.1
Project("{FAE04EC0-301F-11D3-BF4B-00C04F79EFBC}") = "alisveris", "alisveris\alisveris.csproj", "{AA7B8283-82FA-416C-8437-BE30C72674EF}"
EndProject
Global
	GlobalSection(SolutionConfigurationPlatforms) = preSolution
		Debug|Any CPU = Debug|Any CPU
		Release|Any CPU = Release|Any CPU
	EndGlobalSection
	GlobalSection(ProjectConfigurationPlatforms) = postSolution
		{AA7B8283-82FA-416C-8437-BE30C72674EF}.Debug|Any CPU.ActiveCfg = Debug|Any CPU
		{AA7B8283-82FA-416C-8437-BE30C72674EF}.Debug|Any CPU.Build.0 = Debug|Any CPU
		{AA7B8283-82FA-416C-8437-BE30C72674EF}.Release|Any CPU.ActiveCfg = Release|Any CPU
		{AA7B8283-82FA-416C-8437-BE30C72674EF}.Release|Any CPU.Build.0 = Release|Any CPU
	EndGlobalSection
	GlobalSection(SolutionProperties) = preSolution
		HideSolutionNode = FALSE
	EndGlobalSection
	GlobalSection(ExtensibilityGlobals) = postSolution
		SolutionGuid = {75848D35-045D-4B27-9F7A-4582740F5C02}
	EndGlobalSection
EndGlobal
