
Microsoft Visual Studio Solution File, Format Version 12.00
# Visual Studio Version 16
VisualStudioVersion = 16.0.30611.23
MinimumVisualStudioVersion = 10.0.40219.1
Project("{FAE04EC0-301F-11D3-BF4B-00C04F79EFBC}") = "GP_Uygulama2_HesapMakinesi", "GP_Uygulama2_HesapMakinesi\GP_Uygulama2_HesapMakinesi.csproj", "{CA89874E-169C-42CF-9FEB-902B4F96BC99}"
EndProject
Global
	GlobalSection(SolutionConfigurationPlatforms) = preSolution
		Debug|Any CPU = Debug|Any CPU
		Release|Any CPU = Release|Any CPU
	EndGlobalSection
	GlobalSection(ProjectConfigurationPlatforms) = postSolution
		{CA89874E-169C-42CF-9FEB-902B4F96BC99}.Debug|Any CPU.ActiveCfg = Debug|Any CPU
		{CA89874E-169C-42CF-9FEB-902B4F96BC99}.Debug|Any CPU.Build.0 = Debug|Any CPU
		{CA89874E-169C-42CF-9FEB-902B4F96BC99}.Release|Any CPU.ActiveCfg = Release|Any CPU
		{CA89874E-169C-42CF-9FEB-902B4F96BC99}.Release|Any CPU.Build.0 = Release|Any CPU
	EndGlobalSection
	GlobalSection(SolutionProperties) = preSolution
		HideSolutionNode = FALSE
	EndGlobalSection
	GlobalSection(ExtensibilityGlobals) = postSolution
		SolutionGuid = {F6E75363-3385-4E16-B98B-43500B352852}
	EndGlobalSection
EndGlobal
